<?xml version="1.0" encoding="utf-8"?>
<Project ToolsVersion="4.0" xmlns="http://schemas.microsoft.com/developer/msbuild/2003">
  <ItemGroup>
    <ClCompile Include="src\nodes\mesh.cpp" />
    <ClCompile Include="src\nodes\node.cpp" />
    <ClCompile Include="src\nodes\Transform.cpp" />
    <ClCompile Include="src\strike.cpp" />
    <ClCompile Include="src\Scene.cpp" />
    <ClCompile Include="src\Importer.cpp" />
    <ClCompile Include="src\nodes\shdProgram.cpp" />
    <ClCompile Include="src\PerspectiveCamera.cpp" />
    <ClCompile Include="src\Shader.cpp" />
    <ClCompile Include="src\glfw\Window.cpp" />
    <ClCompile Include="src\glfw\Callback.cpp" />
  </ItemGroup>
  <ItemGroup>
    <ClInclude Include="include\nodes\mesh.h" />
    <ClInclude Include="include\nodes\node.h" />
    <ClInclude Include="include\nodes\Transform.h" />
    <ClInclude Include="include\nodes\shdProgram.h" />
    <ClInclude Include="include\nodes\shdProgram.h" />
    <ClInclude Include="include\Scene.h" />
    <ClInclude Include="include\Importer.h" />
    <ClInclude Include="include\Exception.h" />
    <ClInclude Include="include\PerspectiveCamera.h" />
    <ClInclude Include="include\nodes\Shader.h" />
    <ClInclude Include="include\glfw\Callback.h" />
    <ClInclude Include="include\glfw\Window.h" />
  </ItemGroup>
</Project>